
Microsoft Visual Studio Solution File, Format Version 12.00
# Visual Studio Version 17
VisualStudioVersion = 17.3.32901.215
MinimumVisualStudioVersion = 10.0.40219.1
Project("{FAE04EC0-301F-11D3-BF4B-00C04F79EFBC}") = "datagredwiev", "datagredwiev\datagredwiev.csproj", "{3A65A8FE-4071-4422-943C-FC7C8A86687E}"
EndProject
Global
	GlobalSection(SolutionConfigurationPlatforms) = preSolution
		Debug|Any CPU = Debug|Any CPU
		Release|Any CPU = Release|Any CPU
	EndGlobalSection
	GlobalSection(ProjectConfigurationPlatforms) = postSolution
		{3A65A8FE-4071-4422-943C-FC7C8A86687E}.Debug|Any CPU.ActiveCfg = Debug|Any CPU
		{3A65A8FE-4071-4422-943C-FC7C8A86687E}.Debug|Any CPU.Build.0 = Debug|Any CPU
		{3A65A8FE-4071-4422-943C-FC7C8A86687E}.Release|Any CPU.ActiveCfg = Release|Any CPU
		{3A65A8FE-4071-4422-943C-FC7C8A86687E}.Release|Any CPU.Build.0 = Release|Any CPU
	EndGlobalSection
	GlobalSection(SolutionProperties) = preSolution
		HideSolutionNode = FALSE
	EndGlobalSection
	GlobalSection(ExtensibilityGlobals) = postSolution
		SolutionGuid = {0C31CB3E-51DB-4344-A415-F83A6675362F}
	EndGlobalSection
EndGlobal
