
Microsoft Visual Studio Solution File, Format Version 12.00
# Visual Studio Version 17
VisualStudioVersion = 17.3.32901.215
MinimumVisualStudioVersion = 10.0.40219.1
Project("{FAE04EC0-301F-11D3-BF4B-00C04F79EFBC}") = "sinavquiz", "sinavquiz\sinavquiz.csproj", "{D2D8401E-6D99-4E09-970E-AC9EA3FB9E7D}"
EndProject
Global
	GlobalSection(SolutionConfigurationPlatforms) = preSolution
		Debug|Any CPU = Debug|Any CPU
		Release|Any CPU = Release|Any CPU
	EndGlobalSection
	GlobalSection(ProjectConfigurationPlatforms) = postSolution
		{D2D8401E-6D99-4E09-970E-AC9EA3FB9E7D}.Debug|Any CPU.ActiveCfg = Debug|Any CPU
		{D2D8401E-6D99-4E09-970E-AC9EA3FB9E7D}.Debug|Any CPU.Build.0 = Debug|Any CPU
		{D2D8401E-6D99-4E09-970E-AC9EA3FB9E7D}.Release|Any CPU.ActiveCfg = Release|Any CPU
		{D2D8401E-6D99-4E09-970E-AC9EA3FB9E7D}.Release|Any CPU.Build.0 = Release|Any CPU
	EndGlobalSection
	GlobalSection(SolutionProperties) = preSolution
		HideSolutionNode = FALSE
	EndGlobalSection
	GlobalSection(ExtensibilityGlobals) = postSolution
		SolutionGuid = {AA410B81-9DA7-4EC2-8E01-CE318E8871C9}
	EndGlobalSection
EndGlobal
